// !$*UTF8*$!
{
	archiveVersion = 1;
	classes = {
	};
	objectVersion = 50;
	objects = {

/* Begin PBXBuildFile section */
		2E699ACA212BDFB9009AECEA /* AppDelegate.m in Sources */ = {isa = PBXBuildFile; fileRef = 2E699AC9212BDFB9009AECEA /* AppDelegate.m */; };
		2E699ACD212BDFB9009AECEA /* ChooseLineVC.m in Sources */ = {isa = PBXBuildFile; fileRef = 2E699ACC212BDFB9009AECEA /* ChooseLineVC.m */; };
		2E699AD0212BDFB9009AECEA /* Main.storyboard in Resources */ = {isa = PBXBuildFile; fileRef = 2E699ACE212BDFB9009AECEA /* Main.storyboard */; };
		2E699AD2212BDFBB009AECEA /* Assets.xcassets in Resources */ = {isa = PBXBuildFile; fileRef = 2E699AD1212BDFBB009AECEA /* Assets.xcassets */; };
		2E699AD5212BDFBB009AECEA /* LaunchScreen.storyboard in Resources */ = {isa = PBXBuildFile; fileRef = 2E699AD3212BDFBB009AECEA /* LaunchScreen.storyboard */; };
		2E699AD8212BDFBB009AECEA /* main.m in Sources */ = {isa = PBXBuildFile; fileRef = 2E699AD7212BDFBB009AECEA /* main.m */; };
		2E699AE2212BDFBB009AECEA /* UndergroundTests.m in Sources */ = {isa = PBXBuildFile; fileRef = 2E699AE1212BDFBB009AECEA /* UndergroundTests.m */; };
		2E699AED212BDFBB009AECEA /* UndergroundUITests.m in Sources */ = {isa = PBXBuildFile; fileRef = 2E699AEC212BDFBB009AECEA /* UndergroundUITests.m */; };
		2E699B04212E90BC009AECEA /* MetroInfo.m in Sources */ = {isa = PBXBuildFile; fileRef = 2E699B03212E90BC009AECEA /* MetroInfo.m */; };
		2E699B0A212EA88B009AECEA /* MetroInfo.plist in Resources */ = {isa = PBXBuildFile; fileRef = 2E699B09212EA88B009AECEA /* MetroInfo.plist */; };
		2E699B13212EB156009AECEA /* UIColor+Hex.m in Sources */ = {isa = PBXBuildFile; fileRef = 2E699B12212EB156009AECEA /* UIColor+Hex.m */; };
		2E699B17212FECC0009AECEA /* LineHeaderView.m in Sources */ = {isa = PBXBuildFile; fileRef = 2E699B16212FECC0009AECEA /* LineHeaderView.m */; };
		2E699B1D2133A09D009AECEA /* ChoosePlatformVC.m in Sources */ = {isa = PBXBuildFile; fileRef = 2E699B1C2133A09D009AECEA /* ChoosePlatformVC.m */; };
		2E699B202133AC26009AECEA /* MetroReminderVC.m in Sources */ = {isa = PBXBuildFile; fileRef = 2E699B1F2133AC26009AECEA /* MetroReminderVC.m */; };
		2E887FFD2141580C00D0C245 /* UIViewController+BackButtonHandler.m in Sources */ = {isa = PBXBuildFile; fileRef = 2E887FFC2141580C00D0C245 /* UIViewController+BackButtonHandler.m */; };
		2EA3052A2151F62B001F8F2C /* Mission.m in Sources */ = {isa = PBXBuildFile; fileRef = 2EA305262151F62A001F8F2C /* Mission.m */; };
		2EA3052B2151F62B001F8F2C /* Tools.m in Sources */ = {isa = PBXBuildFile; fileRef = 2EA305292151F62B001F8F2C /* Tools.m */; };
		2EEACED22133E2AE00A2826C /* ChoosePlanVC.m in Sources */ = {isa = PBXBuildFile; fileRef = 2EEACED12133E2AE00A2826C /* ChoosePlanVC.m */; };
		2EEACED52133ED4000A2826C /* UIView+Toast.m in Sources */ = {isa = PBXBuildFile; fileRef = 2EEACED42133ED4000A2826C /* UIView+Toast.m */; };
		2EEACED9213526A000A2826C /* transMetro.plist in Resources */ = {isa = PBXBuildFile; fileRef = 2EEACED8213526A000A2826C /* transMetro.plist */; };
		2EEACEDC213544A700A2826C /* HistoryCollectionViewCell.m in Sources */ = {isa = PBXBuildFile; fileRef = 2EEACEDB213544A700A2826C /* HistoryCollectionViewCell.m */; };
		2EEACEE32136680000A2826C /* PlanTableViewCell.m in Sources */ = {isa = PBXBuildFile; fileRef = 2EEACEE12136680000A2826C /* PlanTableViewCell.m */; };
		2EEACEE721366FA400A2826C /* MetroLabel.m in Sources */ = {isa = PBXBuildFile; fileRef = 2EEACEE621366FA400A2826C /* MetroLabel.m */; };
		2EEACEEA2136720000A2826C /* Plan.m in Sources */ = {isa = PBXBuildFile; fileRef = 2EEACEE92136720000A2826C /* Plan.m */; };
		2EEACEF02137B60400A2826C /* HistoryLabel.m in Sources */ = {isa = PBXBuildFile; fileRef = 2EEACEEF2137B60400A2826C /* HistoryLabel.m */; };
		2EEACEF321392E0500A2826C /* ChangePFButton.m in Sources */ = {isa = PBXBuildFile; fileRef = 2EEACEF221392E0500A2826C /* ChangePFButton.m */; };
		2EEACEFC213BA46C00A2826C /* PlanTableHeaderView.m in Sources */ = {isa = PBXBuildFile; fileRef = 2EEACEFB213BA46C00A2826C /* PlanTableHeaderView.m */; };
		2EEACEFF213E82D500A2826C /* GeoFenceViewController.m in Sources */ = {isa = PBXBuildFile; fileRef = 2EEACEFE213E82D500A2826C /* GeoFenceViewController.m */; };
		88F107F4D17C4A313C9B7BCA /* Pods_Underground.framework in Frameworks */ = {isa = PBXBuildFile; fileRef = 8CCFE9F7784A2BE6A1D78E96 /* Pods_Underground.framework */; };
/* End PBXBuildFile section */

/* Begin PBXContainerItemProxy section */
		2E699ADE212BDFBB009AECEA /* PBXContainerItemProxy */ = {
			isa = PBXContainerItemProxy;
			containerPortal = 2E699ABD212BDFB9009AECEA /* Project object */;
			proxyType = 1;
			remoteGlobalIDString = 2E699AC4212BDFB9009AECEA;
			remoteInfo = Underground;
		};
		2E699AE9212BDFBB009AECEA /* PBXContainerItemProxy */ = {
			isa = PBXContainerItemProxy;
			containerPortal = 2E699ABD212BDFB9009AECEA /* Project object */;
			proxyType = 1;
			remoteGlobalIDString = 2E699AC4212BDFB9009AECEA;
			remoteInfo = Underground;
		};
/* End PBXContainerItemProxy section */

/* Begin PBXFileReference section */
		1139C65D8B5FBEC3B94E4411 /* Pods-Underground.release.xcconfig */ = {isa = PBXFileReference; includeInIndex = 1; lastKnownFileType = text.xcconfig; name = "Pods-Underground.release.xcconfig"; path = "Pods/Target Support Files/Pods-Underground/Pods-Underground.release.xcconfig"; sourceTree = "<group>"; };
		2E699AC5212BDFB9009AECEA /* Underground.app */ = {isa = PBXFileReference; explicitFileType = wrapper.application; includeInIndex = 0; path = Underground.app; sourceTree = BUILT_PRODUCTS_DIR; };
		2E699AC8212BDFB9009AECEA /* AppDelegate.h */ = {isa = PBXFileReference; lastKnownFileType = sourcecode.c.h; path = AppDelegate.h; sourceTree = "<group>"; };
		2E699AC9212BDFB9009AECEA /* AppDelegate.m */ = {isa = PBXFileReference; lastKnownFileType = sourcecode.c.objc; path = AppDelegate.m; sourceTree = "<group>"; };
		2E699ACB212BDFB9009AECEA /* ChooseLineVC.h */ = {isa = PBXFileReference; lastKnownFileType = sourcecode.c.h; path = ChooseLineVC.h; sourceTree = "<group>"; };
		2E699ACC212BDFB9009AECEA /* ChooseLineVC.m */ = {isa = PBXFileReference; lastKnownFileType = sourcecode.c.objc; path = ChooseLineVC.m; sourceTree = "<group>"; };
		2E699ACF212BDFB9009AECEA /* Base */ = {isa = PBXFileReference; lastKnownFileType = file.storyboard; name = Base; path = Base.lproj/Main.storyboard; sourceTree = "<group>"; };
		2E699AD1212BDFBB009AECEA /* Assets.xcassets */ = {isa = PBXFileReference; lastKnownFileType = folder.assetcatalog; path = Assets.xcassets; sourceTree = "<group>"; };
		2E699AD4212BDFBB009AECEA /* Base */ = {isa = PBXFileReference; lastKnownFileType = file.storyboard; name = Base; path = Base.lproj/LaunchScreen.storyboard; sourceTree = "<group>"; };
		2E699AD6212BDFBB009AECEA /* Info.plist */ = {isa = PBXFileReference; lastKnownFileType = text.plist.xml; path = Info.plist; sourceTree = "<group>"; };
		2E699AD7212BDFBB009AECEA /* main.m */ = {isa = PBXFileReference; lastKnownFileType = sourcecode.c.objc; path = main.m; sourceTree = "<group>"; };
		2E699ADD212BDFBB009AECEA /* UndergroundTests.xctest */ = {isa = PBXFileReference; explicitFileType = wrapper.cfbundle; includeInIndex = 0; path = UndergroundTests.xctest; sourceTree = BUILT_PRODUCTS_DIR; };
		2E699AE1212BDFBB009AECEA /* UndergroundTests.m */ = {isa = PBXFileReference; lastKnownFileType = sourcecode.c.objc; path = UndergroundTests.m; sourceTree = "<group>"; };
		2E699AE3212BDFBB009AECEA /* Info.plist */ = {isa = PBXFileReference; lastKnownFileType = text.plist.xml; path = Info.plist; sourceTree = "<group>"; };
		2E699AE8212BDFBB009AECEA /* UndergroundUITests.xctest */ = {isa = PBXFileReference; explicitFileType = wrapper.cfbundle; includeInIndex = 0; path = UndergroundUITests.xctest; sourceTree = BUILT_PRODUCTS_DIR; };
		2E699AEC212BDFBB009AECEA /* UndergroundUITests.m */ = {isa = PBXFileReference; lastKnownFileType = sourcecode.c.objc; path = UndergroundUITests.m; sourceTree = "<group>"; };
		2E699AEE212BDFBB009AECEA /* Info.plist */ = {isa = PBXFileReference; lastKnownFileType = text.plist.xml; path = Info.plist; sourceTree = "<group>"; };
		2E699AFB212C0EB3009AECEA /* APIKey.h */ = {isa = PBXFileReference; lastKnownFileType = sourcecode.c.h; path = APIKey.h; sourceTree = "<group>"; };
		2E699B02212E90BC009AECEA /* MetroInfo.h */ = {isa = PBXFileReference; lastKnownFileType = sourcecode.c.h; path = MetroInfo.h; sourceTree = "<group>"; };
		2E699B03212E90BC009AECEA /* MetroInfo.m */ = {isa = PBXFileReference; lastKnownFileType = sourcecode.c.objc; path = MetroInfo.m; sourceTree = "<group>"; };
		2E699B09212EA88B009AECEA /* MetroInfo.plist */ = {isa = PBXFileReference; lastKnownFileType = text.plist.xml; path = MetroInfo.plist; sourceTree = "<group>"; };
		2E699B0B212EAB2D009AECEA /* Const.h */ = {isa = PBXFileReference; lastKnownFileType = sourcecode.c.h; path = Const.h; sourceTree = "<group>"; };
		2E699B11212EB156009AECEA /* UIColor+Hex.h */ = {isa = PBXFileReference; lastKnownFileType = sourcecode.c.h; path = "UIColor+Hex.h"; sourceTree = "<group>"; };
		2E699B12212EB156009AECEA /* UIColor+Hex.m */ = {isa = PBXFileReference; lastKnownFileType = sourcecode.c.objc; path = "UIColor+Hex.m"; sourceTree = "<group>"; };
		2E699B15212FECC0009AECEA /* LineHeaderView.h */ = {isa = PBXFileReference; lastKnownFileType = sourcecode.c.h; path = LineHeaderView.h; sourceTree = "<group>"; };
		2E699B16212FECC0009AECEA /* LineHeaderView.m */ = {isa = PBXFileReference; lastKnownFileType = sourcecode.c.objc; path = LineHeaderView.m; sourceTree = "<group>"; };
		2E699B1B2133A09D009AECEA /* ChoosePlatformVC.h */ = {isa = PBXFileReference; lastKnownFileType = sourcecode.c.h; path = ChoosePlatformVC.h; sourceTree = "<group>"; };
		2E699B1C2133A09D009AECEA /* ChoosePlatformVC.m */ = {isa = PBXFileReference; lastKnownFileType = sourcecode.c.objc; path = ChoosePlatformVC.m; sourceTree = "<group>"; };
		2E699B1E2133AC26009AECEA /* MetroReminderVC.h */ = {isa = PBXFileReference; lastKnownFileType = sourcecode.c.h; path = MetroReminderVC.h; sourceTree = "<group>"; };
		2E699B1F2133AC26009AECEA /* MetroReminderVC.m */ = {isa = PBXFileReference; lastKnownFileType = sourcecode.c.objc; path = MetroReminderVC.m; sourceTree = "<group>"; };
		2E887FFB2141580C00D0C245 /* UIViewController+BackButtonHandler.h */ = {isa = PBXFileReference; lastKnownFileType = sourcecode.c.h; path = "UIViewController+BackButtonHandler.h"; sourceTree = "<group>"; };
		2E887FFC2141580C00D0C245 /* UIViewController+BackButtonHandler.m */ = {isa = PBXFileReference; lastKnownFileType = sourcecode.c.objc; path = "UIViewController+BackButtonHandler.m"; sourceTree = "<group>"; };
		2EA305262151F62A001F8F2C /* Mission.m */ = {isa = PBXFileReference; fileEncoding = 4; lastKnownFileType = sourcecode.c.objc; path = Mission.m; sourceTree = "<group>"; };
		2EA305272151F62A001F8F2C /* Tools.h */ = {isa = PBXFileReference; fileEncoding = 4; lastKnownFileType = sourcecode.c.h; path = Tools.h; sourceTree = "<group>"; };
		2EA305282151F62B001F8F2C /* Mission.h */ = {isa = PBXFileReference; fileEncoding = 4; lastKnownFileType = sourcecode.c.h; path = Mission.h; sourceTree = "<group>"; };
		2EA305292151F62B001F8F2C /* Tools.m */ = {isa = PBXFileReference; fileEncoding = 4; lastKnownFileType = sourcecode.c.objc; path = Tools.m; sourceTree = "<group>"; };
		2EEACED02133E2AE00A2826C /* ChoosePlanVC.h */ = {isa = PBXFileReference; lastKnownFileType = sourcecode.c.h; path = ChoosePlanVC.h; sourceTree = "<group>"; };
		2EEACED12133E2AE00A2826C /* ChoosePlanVC.m */ = {isa = PBXFileReference; lastKnownFileType = sourcecode.c.objc; path = ChoosePlanVC.m; sourceTree = "<group>"; };
		2EEACED32133ED4000A2826C /* UIView+Toast.h */ = {isa = PBXFileReference; lastKnownFileType = sourcecode.c.h; path = "UIView+Toast.h"; sourceTree = "<group>"; };
		2EEACED42133ED4000A2826C /* UIView+Toast.m */ = {isa = PBXFileReference; lastKnownFileType = sourcecode.c.objc; path = "UIView+Toast.m"; sourceTree = "<group>"; };
		2EEACED8213526A000A2826C /* transMetro.plist */ = {isa = PBXFileReference; lastKnownFileType = text.plist.xml; path = transMetro.plist; sourceTree = "<group>"; };
		2EEACEDA213544A700A2826C /* HistoryCollectionViewCell.h */ = {isa = PBXFileReference; lastKnownFileType = sourcecode.c.h; path = HistoryCollectionViewCell.h; sourceTree = "<group>"; };
		2EEACEDB213544A700A2826C /* HistoryCollectionViewCell.m */ = {isa = PBXFileReference; lastKnownFileType = sourcecode.c.objc; path = HistoryCollectionViewCell.m; sourceTree = "<group>"; };
		2EEACEE02136680000A2826C /* PlanTableViewCell.h */ = {isa = PBXFileReference; lastKnownFileType = sourcecode.c.h; path = PlanTableViewCell.h; sourceTree = "<group>"; };
		2EEACEE12136680000A2826C /* PlanTableViewCell.m */ = {isa = PBXFileReference; lastKnownFileType = sourcecode.c.objc; path = PlanTableViewCell.m; sourceTree = "<group>"; };
		2EEACEE521366FA400A2826C /* MetroLabel.h */ = {isa = PBXFileReference; lastKnownFileType = sourcecode.c.h; path = MetroLabel.h; sourceTree = "<group>"; };
		2EEACEE621366FA400A2826C /* MetroLabel.m */ = {isa = PBXFileReference; lastKnownFileType = sourcecode.c.objc; path = MetroLabel.m; sourceTree = "<group>"; };
		2EEACEE82136720000A2826C /* Plan.h */ = {isa = PBXFileReference; lastKnownFileType = sourcecode.c.h; path = Plan.h; sourceTree = "<group>"; };
		2EEACEE92136720000A2826C /* Plan.m */ = {isa = PBXFileReference; lastKnownFileType = sourcecode.c.objc; path = Plan.m; sourceTree = "<group>"; };
		2EEACEEE2137B60400A2826C /* HistoryLabel.h */ = {isa = PBXFileReference; lastKnownFileType = sourcecode.c.h; path = HistoryLabel.h; sourceTree = "<group>"; };
		2EEACEEF2137B60400A2826C /* HistoryLabel.m */ = {isa = PBXFileReference; lastKnownFileType = sourcecode.c.objc; path = HistoryLabel.m; sourceTree = "<group>"; };
		2EEACEF121392E0500A2826C /* ChangePFButton.h */ = {isa = PBXFileReference; lastKnownFileType = sourcecode.c.h; path = ChangePFButton.h; sourceTree = "<group>"; };
		2EEACEF221392E0500A2826C /* ChangePFButton.m */ = {isa = PBXFileReference; lastKnownFileType = sourcecode.c.objc; path = ChangePFButton.m; sourceTree = "<group>"; };
		2EEACEFA213BA46C00A2826C /* PlanTableHeaderView.h */ = {isa = PBXFileReference; lastKnownFileType = sourcecode.c.h; path = PlanTableHeaderView.h; sourceTree = "<group>"; };
		2EEACEFB213BA46C00A2826C /* PlanTableHeaderView.m */ = {isa = PBXFileReference; lastKnownFileType = sourcecode.c.objc; path = PlanTableHeaderView.m; sourceTree = "<group>"; };
		2EEACEFD213E82D500A2826C /* GeoFenceViewController.h */ = {isa = PBXFileReference; lastKnownFileType = sourcecode.c.h; path = GeoFenceViewController.h; sourceTree = "<group>"; };
		2EEACEFE213E82D500A2826C /* GeoFenceViewController.m */ = {isa = PBXFileReference; lastKnownFileType = sourcecode.c.objc; path = GeoFenceViewController.m; sourceTree = "<group>"; };
		8CCFE9F7784A2BE6A1D78E96 /* Pods_Underground.framework */ = {isa = PBXFileReference; explicitFileType = wrapper.framework; includeInIndex = 0; path = Pods_Underground.framework; sourceTree = BUILT_PRODUCTS_DIR; };
		A6DF8E64A87B29CB934A54E8 /* Pods-Underground.debug.xcconfig */ = {isa = PBXFileReference; includeInIndex = 1; lastKnownFileType = text.xcconfig; name = "Pods-Underground.debug.xcconfig"; path = "Pods/Target Support Files/Pods-Underground/Pods-Underground.debug.xcconfig"; sourceTree = "<group>"; };
/* End PBXFileReference section */

/* Begin PBXFrameworksBuildPhase section */
		2E699AC2212BDFB9009AECEA /* Frameworks */ = {
			isa = PBXFrameworksBuildPhase;
			buildActionMask = 2147483647;
			files = (
				88F107F4D17C4A313C9B7BCA /* Pods_Underground.framework in Frameworks */,
			);
			runOnlyForDeploymentPostprocessing = 0;
		};
		2E699ADA212BDFBB009AECEA /* Frameworks */ = {
			isa = PBXFrameworksBuildPhase;
			buildActionMask = 2147483647;
			files = (
			);
			runOnlyForDeploymentPostprocessing = 0;
		};
		2E699AE5212BDFBB009AECEA /* Frameworks */ = {
			isa = PBXFrameworksBuildPhase;
			buildActionMask = 2147483647;
			files = (
			);
			runOnlyForDeploymentPostprocessing = 0;
		};
/* End PBXFrameworksBuildPhase section */

/* Begin PBXGroup section */
		2E699ABC212BDFB9009AECEA = {
			isa = PBXGroup;
			children = (
				2E699AC7212BDFB9009AECEA /* Underground */,
				2E699AE0212BDFBB009AECEA /* UndergroundTests */,
				2E699AEB212BDFBB009AECEA /* UndergroundUITests */,
				2E699AC6212BDFB9009AECEA /* Products */,
				C70965B34570E17B83467501 /* Pods */,
				7B847AA7A5DF5EA405B13833 /* Frameworks */,
			);
			sourceTree = "<group>";
		};
		2E699AC6212BDFB9009AECEA /* Products */ = {
			isa = PBXGroup;
			children = (
				2E699AC5212BDFB9009AECEA /* Underground.app */,
				2E699ADD212BDFBB009AECEA /* UndergroundTests.xctest */,
				2E699AE8212BDFBB009AECEA /* UndergroundUITests.xctest */,
			);
			name = Products;
			sourceTree = "<group>";
		};
		2E699AC7212BDFB9009AECEA /* Underground */ = {
			isa = PBXGroup;
			children = (
				2E699B14212FEC94009AECEA /* View */,
				2E699B10212EB11D009AECEA /* Category */,
				2E699B0F212EAEDB009AECEA /* VC */,
				2E699B00212E8D50009AECEA /* Model */,
				2E699AFA212C0E98009AECEA /* Configuration */,
				2E699ACE212BDFB9009AECEA /* Main.storyboard */,
				2E699AD1212BDFBB009AECEA /* Assets.xcassets */,
				2E699AD3212BDFBB009AECEA /* LaunchScreen.storyboard */,
				2E699AD6212BDFBB009AECEA /* Info.plist */,
				2E699AD7212BDFBB009AECEA /* main.m */,
				2E699B09212EA88B009AECEA /* MetroInfo.plist */,
				2EEACED8213526A000A2826C /* transMetro.plist */,
			);
			path = Underground;
			sourceTree = "<group>";
		};
		2E699AE0212BDFBB009AECEA /* UndergroundTests */ = {
			isa = PBXGroup;
			children = (
				2E699AE1212BDFBB009AECEA /* UndergroundTests.m */,
				2E699AE3212BDFBB009AECEA /* Info.plist */,
			);
			path = UndergroundTests;
			sourceTree = "<group>";
		};
		2E699AEB212BDFBB009AECEA /* UndergroundUITests */ = {
			isa = PBXGroup;
			children = (
				2E699AEC212BDFBB009AECEA /* UndergroundUITests.m */,
				2E699AEE212BDFBB009AECEA /* Info.plist */,
			);
			path = UndergroundUITests;
			sourceTree = "<group>";
		};
		2E699AFA212C0E98009AECEA /* Configuration */ = {
			isa = PBXGroup;
			children = (
				2E699AC8212BDFB9009AECEA /* AppDelegate.h */,
				2E699AC9212BDFB9009AECEA /* AppDelegate.m */,
				2E699AFB212C0EB3009AECEA /* APIKey.h */,
				2E699B0B212EAB2D009AECEA /* Const.h */,
			);
			path = Configuration;
			sourceTree = "<group>";
		};
		2E699B00212E8D50009AECEA /* Model */ = {
			isa = PBXGroup;
			children = (
				2EA305282151F62B001F8F2C /* Mission.h */,
				2EA305262151F62A001F8F2C /* Mission.m */,
				2EA305272151F62A001F8F2C /* Tools.h */,
				2EA305292151F62B001F8F2C /* Tools.m */,
				2E699B02212E90BC009AECEA /* MetroInfo.h */,
				2E699B03212E90BC009AECEA /* MetroInfo.m */,
				2EEACEE82136720000A2826C /* Plan.h */,
				2EEACEE92136720000A2826C /* Plan.m */,
			);
			path = Model;
			sourceTree = "<group>";
		};
		2E699B0F212EAEDB009AECEA /* VC */ = {
			isa = PBXGroup;
			children = (
				2E699ACB212BDFB9009AECEA /* ChooseLineVC.h */,
				2E699ACC212BDFB9009AECEA /* ChooseLineVC.m */,
				2E699B1B2133A09D009AECEA /* ChoosePlatformVC.h */,
				2E699B1C2133A09D009AECEA /* ChoosePlatformVC.m */,
				2E699B1E2133AC26009AECEA /* MetroReminderVC.h */,
				2E699B1F2133AC26009AECEA /* MetroReminderVC.m */,
				2EEACED02133E2AE00A2826C /* ChoosePlanVC.h */,
				2EEACED12133E2AE00A2826C /* ChoosePlanVC.m */,
				2EEACEFD213E82D500A2826C /* GeoFenceViewController.h */,
				2EEACEFE213E82D500A2826C /* GeoFenceViewController.m */,
			);
			path = VC;
			sourceTree = "<group>";
		};
		2E699B10212EB11D009AECEA /* Category */ = {
			isa = PBXGroup;
			children = (
				2E699B11212EB156009AECEA /* UIColor+Hex.h */,
				2E699B12212EB156009AECEA /* UIColor+Hex.m */,
				2EEACED32133ED4000A2826C /* UIView+Toast.h */,
				2EEACED42133ED4000A2826C /* UIView+Toast.m */,
				2E887FFB2141580C00D0C245 /* UIViewController+BackButtonHandler.h */,
				2E887FFC2141580C00D0C245 /* UIViewController+BackButtonHandler.m */,
			);
			path = Category;
			sourceTree = "<group>";
		};
		2E699B14212FEC94009AECEA /* View */ = {
			isa = PBXGroup;
			children = (
				2E699B15212FECC0009AECEA /* LineHeaderView.h */,
				2E699B16212FECC0009AECEA /* LineHeaderView.m */,
				2EEACEDA213544A700A2826C /* HistoryCollectionViewCell.h */,
				2EEACEDB213544A700A2826C /* HistoryCollectionViewCell.m */,
				2EEACEE02136680000A2826C /* PlanTableViewCell.h */,
				2EEACEE12136680000A2826C /* PlanTableViewCell.m */,
				2EEACEE521366FA400A2826C /* MetroLabel.h */,
				2EEACEE621366FA400A2826C /* MetroLabel.m */,
				2EEACEEE2137B60400A2826C /* HistoryLabel.h */,
				2EEACEEF2137B60400A2826C /* HistoryLabel.m */,
				2EEACEF121392E0500A2826C /* ChangePFButton.h */,
				2EEACEF221392E0500A2826C /* ChangePFButton.m */,
				2EEACEFA213BA46C00A2826C /* PlanTableHeaderView.h */,
				2EEACEFB213BA46C00A2826C /* PlanTableHeaderView.m */,
			);
			path = View;
			sourceTree = "<group>";
		};
		7B847AA7A5DF5EA405B13833 /* Frameworks */ = {
			isa = PBXGroup;
			children = (
				8CCFE9F7784A2BE6A1D78E96 /* Pods_Underground.framework */,
			);
			name = Frameworks;
			sourceTree = "<group>";
		};
		C70965B34570E17B83467501 /* Pods */ = {
			isa = PBXGroup;
			children = (
				A6DF8E64A87B29CB934A54E8 /* Pods-Underground.debug.xcconfig */,
				1139C65D8B5FBEC3B94E4411 /* Pods-Underground.release.xcconfig */,
			);
			name = Pods;
			sourceTree = "<group>";
		};
/* End PBXGroup section */

/* Begin PBXNativeTarget section */
		2E699AC4212BDFB9009AECEA /* Underground */ = {
			isa = PBXNativeTarget;
			buildConfigurationList = 2E699AF1212BDFBB009AECEA /* Build configuration list for PBXNativeTarget "Underground" */;
			buildPhases = (
				1D832D334532953608CC0CA4 /* [CP] Check Pods Manifest.lock */,
				2E699AC1212BDFB9009AECEA /* Sources */,
				2E699AC2212BDFB9009AECEA /* Frameworks */,
				2E699AC3212BDFB9009AECEA /* Resources */,
				D1A26EC974DC28E60BB307C5 /* [CP] Embed Pods Frameworks */,
				9B4E69C1DAC33F3CF3C480E8 /* [CP] Copy Pods Resources */,
			);
			buildRules = (
			);
			dependencies = (
			);
			name = Underground;
			productName = Underground;
			productReference = 2E699AC5212BDFB9009AECEA /* Underground.app */;
			productType = "com.apple.product-type.application";
		};
		2E699ADC212BDFBB009AECEA /* UndergroundTests */ = {
			isa = PBXNativeTarget;
			buildConfigurationList = 2E699AF4212BDFBB009AECEA /* Build configuration list for PBXNativeTarget "UndergroundTests" */;
			buildPhases = (
				2E699AD9212BDFBB009AECEA /* Sources */,
				2E699ADA212BDFBB009AECEA /* Frameworks */,
				2E699ADB212BDFBB009AECEA /* Resources */,
			);
			buildRules = (
			);
			dependencies = (
				2E699ADF212BDFBB009AECEA /* PBXTargetDependency */,
			);
			name = UndergroundTests;
			productName = UndergroundTests;
			productReference = 2E699ADD212BDFBB009AECEA /* UndergroundTests.xctest */;
			productType = "com.apple.product-type.bundle.unit-test";
		};
		2E699AE7212BDFBB009AECEA /* UndergroundUITests */ = {
			isa = PBXNativeTarget;
			buildConfigurationList = 2E699AF7212BDFBB009AECEA /* Build configuration list for PBXNativeTarget "UndergroundUITests" */;
			buildPhases = (
				2E699AE4212BDFBB009AECEA /* Sources */,
				2E699AE5212BDFBB009AECEA /* Frameworks */,
				2E699AE6212BDFBB009AECEA /* Resources */,
			);
			buildRules = (
			);
			dependencies = (
				2E699AEA212BDFBB009AECEA /* PBXTargetDependency */,
			);
			name = UndergroundUITests;
			productName = UndergroundUITests;
			productReference = 2E699AE8212BDFBB009AECEA /* UndergroundUITests.xctest */;
			productType = "com.apple.product-type.bundle.ui-testing";
		};
/* End PBXNativeTarget section */

/* Begin PBXProject section */
		2E699ABD212BDFB9009AECEA /* Project object */ = {
			isa = PBXProject;
			attributes = {
				LastUpgradeCheck = 0940;
				ORGANIZATIONNAME = "潘潇睿";
				TargetAttributes = {
					2E699AC4212BDFB9009AECEA = {
						CreatedOnToolsVersion = 9.4.1;
						SystemCapabilities = {
							com.apple.BackgroundModes = {
								enabled = 1;
							};
						};
					};
					2E699ADC212BDFBB009AECEA = {
						CreatedOnToolsVersion = 9.4.1;
						TestTargetID = 2E699AC4212BDFB9009AECEA;
					};
					2E699AE7212BDFBB009AECEA = {
						CreatedOnToolsVersion = 9.4.1;
						TestTargetID = 2E699AC4212BDFB9009AECEA;
					};
				};
			};
			buildConfigurationList = 2E699AC0212BDFB9009AECEA /* Build configuration list for PBXProject "Underground" */;
			compatibilityVersion = "Xcode 9.3";
			developmentRegion = en;
			hasScannedForEncodings = 0;
			knownRegions = (
				en,
				Base,
			);
			mainGroup = 2E699ABC212BDFB9009AECEA;
			productRefGroup = 2E699AC6212BDFB9009AECEA /* Products */;
			projectDirPath = "";
			projectRoot = "";
			targets = (
				2E699AC4212BDFB9009AECEA /* Underground */,
				2E699ADC212BDFBB009AECEA /* UndergroundTests */,
				2E699AE7212BDFBB009AECEA /* UndergroundUITests */,
			);
		};
/* End PBXProject section */

/* Begin PBXResourcesBuildPhase section */
		2E699AC3212BDFB9009AECEA /* Resources */ = {
			isa = PBXResourcesBuildPhase;
			buildActionMask = 2147483647;
			files = (
				2EEACED9213526A000A2826C /* transMetro.plist in Resources */,
				2E699AD5212BDFBB009AECEA /* LaunchScreen.storyboard in Resources */,
				2E699AD2212BDFBB009AECEA /* Assets.xcassets in Resources */,
				2E699B0A212EA88B009AECEA /* MetroInfo.plist in Resources */,
				2E699AD0212BDFB9009AECEA /* Main.storyboard in Resources */,
			);
			runOnlyForDeploymentPostprocessing = 0;
		};
		2E699ADB212BDFBB009AECEA /* Resources */ = {
			isa = PBXResourcesBuildPhase;
			buildActionMask = 2147483647;
			files = (
			);
			runOnlyForDeploymentPostprocessing = 0;
		};
		2E699AE6212BDFBB009AECEA /* Resources */ = {
			isa = PBXResourcesBuildPhase;
			buildActionMask = 2147483647;
			files = (
			);
			runOnlyForDeploymentPostprocessing = 0;
		};
/* End PBXResourcesBuildPhase section */

/* Begin PBXShellScriptBuildPhase section */
		1D832D334532953608CC0CA4 /* [CP] Check Pods Manifest.lock */ = {
			isa = PBXShellScriptBuildPhase;
			buildActionMask = 2147483647;
			files = (
			);
			inputPaths = (
				"${PODS_PODFILE_DIR_PATH}/Podfile.lock",
				"${PODS_ROOT}/Manifest.lock",
			);
			name = "[CP] Check Pods Manifest.lock";
			outputPaths = (
				"$(DERIVED_FILE_DIR)/Pods-Underground-checkManifestLockResult.txt",
			);
			runOnlyForDeploymentPostprocessing = 0;
			shellPath = /bin/sh;
			shellScript = "diff \"${PODS_PODFILE_DIR_PATH}/Podfile.lock\" \"${PODS_ROOT}/Manifest.lock\" > /dev/null\nif [ $? != 0 ] ; then\n    # print error to STDERR\n    echo \"error: The sandbox is not in sync with the Podfile.lock. Run 'pod install' or update your CocoaPods installation.\" >&2\n    exit 1\nfi\n# This output is used by Xcode 'outputs' to avoid re-running this script phase.\necho \"SUCCESS\" > \"${SCRIPT_OUTPUT_FILE_0}\"\n";
			showEnvVarsInLog = 0;
		};
		9B4E69C1DAC33F3CF3C480E8 /* [CP] Copy Pods Resources */ = {
			isa = PBXShellScriptBuildPhase;
			buildActionMask = 2147483647;
			files = (
			);
			inputPaths = (
				"${SRCROOT}/Pods/Target Support Files/Pods-Underground/Pods-Underground-resources.sh",
				"${PODS_ROOT}/AMap2DMap/MAMapKit.framework/AMap.bundle",
			);
			name = "[CP] Copy Pods Resources";
			outputPaths = (
				"${TARGET_BUILD_DIR}/${UNLOCALIZED_RESOURCES_FOLDER_PATH}/AMap.bundle",
			);
			runOnlyForDeploymentPostprocessing = 0;
			shellPath = /bin/sh;
			shellScript = "\"${SRCROOT}/Pods/Target Support Files/Pods-Underground/Pods-Underground-resources.sh\"\n";
			showEnvVarsInLog = 0;
		};
		D1A26EC974DC28E60BB307C5 /* [CP] Embed Pods Frameworks */ = {
			isa = PBXShellScriptBuildPhase;
			buildActionMask = 2147483647;
			files = (
			);
			inputPaths = (
				"${SRCROOT}/Pods/Target Support Files/Pods-Underground/Pods-Underground-frameworks.sh",
				"${BUILT_PRODUCTS_DIR}/AFNetworking/AFNetworking.framework",
				"${BUILT_PRODUCTS_DIR}/KVOMutableArray/KVOMutableArray.framework",
				"${BUILT_PRODUCTS_DIR}/Masonry/Masonry.framework",
				"${BUILT_PRODUCTS_DIR}/Reachability/Reachability.framework",
				"${BUILT_PRODUCTS_DIR}/ReactiveCocoa/ReactiveCocoa.framework",
				"${BUILT_PRODUCTS_DIR}/Toast/Toast.framework",
			);
			name = "[CP] Embed Pods Frameworks";
			outputPaths = (
				"${TARGET_BUILD_DIR}/${FRAMEWORKS_FOLDER_PATH}/AFNetworking.framework",
				"${TARGET_BUILD_DIR}/${FRAMEWORKS_FOLDER_PATH}/KVOMutableArray.framework",
				"${TARGET_BUILD_DIR}/${FRAMEWORKS_FOLDER_PATH}/Masonry.framework",
				"${TARGET_BUILD_DIR}/${FRAMEWORKS_FOLDER_PATH}/Reachability.framework",
				"${TARGET_BUILD_DIR}/${FRAMEWORKS_FOLDER_PATH}/ReactiveCocoa.framework",
				"${TARGET_BUILD_DIR}/${FRAMEWORKS_FOLDER_PATH}/Toast.framework",
			);
			runOnlyForDeploymentPostprocessing = 0;
			shellPath = /bin/sh;
			shellScript = "\"${SRCROOT}/Pods/Target Support Files/Pods-Underground/Pods-Underground-frameworks.sh\"\n";
			showEnvVarsInLog = 0;
		};
/* End PBXShellScriptBuildPhase section */

/* Begin PBXSourcesBuildPhase section */
		2E699AC1212BDFB9009AECEA /* Sources */ = {
			isa = PBXSourcesBuildPhase;
			buildActionMask = 2147483647;
			files = (
				2EA3052B2151F62B001F8F2C /* Tools.m in Sources */,
				2EEACEE32136680000A2826C /* PlanTableViewCell.m in Sources */,
				2E699ACD212BDFB9009AECEA /* ChooseLineVC.m in Sources */,
				2E699B13212EB156009AECEA /* UIColor+Hex.m in Sources */,
				2EEACEE721366FA400A2826C /* MetroLabel.m in Sources */,
				2E699B1D2133A09D009AECEA /* ChoosePlatformVC.m in Sources */,
				2EEACEF321392E0500A2826C /* ChangePFButton.m in Sources */,
				2E887FFD2141580C00D0C245 /* UIViewController+BackButtonHandler.m in Sources */,
				2EEACEF02137B60400A2826C /* HistoryLabel.m in Sources */,
				2EEACEDC213544A700A2826C /* HistoryCollectionViewCell.m in Sources */,
				2E699B04212E90BC009AECEA /* MetroInfo.m in Sources */,
				2EA3052A2151F62B001F8F2C /* Mission.m in Sources */,
				2EEACEFF213E82D500A2826C /* GeoFenceViewController.m in Sources */,
				2EEACEFC213BA46C00A2826C /* PlanTableHeaderView.m in Sources */,
				2EEACED52133ED4000A2826C /* UIView+Toast.m in Sources */,
				2EEACED22133E2AE00A2826C /* ChoosePlanVC.m in Sources */,
				2E699B17212FECC0009AECEA /* LineHeaderView.m in Sources */,
				2EEACEEA2136720000A2826C /* Plan.m in Sources */,
				2E699AD8212BDFBB009AECEA /* main.m in Sources */,
				2E699ACA212BDFB9009AECEA /* AppDelegate.m in Sources */,
				2E699B202133AC26009AECEA /* MetroReminderVC.m in Sources */,
			);
			runOnlyForDeploymentPostprocessing = 0;
		};
		2E699AD9212BDFBB009AECEA /* Sources */ = {
			isa = PBXSourcesBuildPhase;
			buildActionMask = 2147483647;
			files = (
				2E699AE2212BDFBB009AECEA /* UndergroundTests.m in Sources */,
			);
			runOnlyForDeploymentPostprocessing = 0;
		};
		2E699AE4212BDFBB009AECEA /* Sources */ = {
			isa = PBXSourcesBuildPhase;
			buildActionMask = 2147483647;
			files = (
				2E699AED212BDFBB009AECEA /* UndergroundUITests.m in Sources */,
			);
			runOnlyForDeploymentPostprocessing = 0;
		};
/* End PBXSourcesBuildPhase section */

/* Begin PBXTargetDependency section */
		2E699ADF212BDFBB009AECEA /* PBXTargetDependency */ = {
			isa = PBXTargetDependency;
			target = 2E699AC4212BDFB9009AECEA /* Underground */;
			targetProxy = 2E699ADE212BDFBB009AECEA /* PBXContainerItemProxy */;
		};
		2E699AEA212BDFBB009AECEA /* PBXTargetDependency */ = {
			isa = PBXTargetDependency;
			target = 2E699AC4212BDFB9009AECEA /* Underground */;
			targetProxy = 2E699AE9212BDFBB009AECEA /* PBXContainerItemProxy */;
		};
/* End PBXTargetDependency section */

/* Begin PBXVariantGroup section */
		2E699ACE212BDFB9009AECEA /* Main.storyboard */ = {
			isa = PBXVariantGroup;
			children = (
				2E699ACF212BDFB9009AECEA /* Base */,
			);
			name = Main.storyboard;
			sourceTree = "<group>";
		};
		2E699AD3212BDFBB009AECEA /* LaunchScreen.storyboard */ = {
			isa = PBXVariantGroup;
			children = (
				2E699AD4212BDFBB009AECEA /* Base */,
			);
			name = LaunchScreen.storyboard;
			sourceTree = "<group>";
		};
/* End PBXVariantGroup section */

/* Begin XCBuildConfiguration section */
		2E699AEF212BDFBB009AECEA /* Debug */ = {
			isa = XCBuildConfiguration;
			buildSettings = {
				ALWAYS_SEARCH_USER_PATHS = NO;
				CLANG_ANALYZER_NONNULL = YES;
				CLANG_ANALYZER_NUMBER_OBJECT_CONVERSION = YES_AGGRESSIVE;
				CLANG_CXX_LANGUAGE_STANDARD = "gnu++14";
				CLANG_CXX_LIBRARY = "libc++";
				CLANG_ENABLE_MODULES = YES;
				CLANG_ENABLE_OBJC_ARC = YES;
				CLANG_ENABLE_OBJC_WEAK = YES;
				CLANG_WARN_BLOCK_CAPTURE_AUTORELEASING = YES;
				CLANG_WARN_BOOL_CONVERSION = YES;
				CLANG_WARN_COMMA = YES;
				CLANG_WARN_CONSTANT_CONVERSION = YES;
				CLANG_WARN_DEPRECATED_OBJC_IMPLEMENTATIONS = YES;
				CLANG_WARN_DIRECT_OBJC_ISA_USAGE = YES_ERROR;
				CLANG_WARN_DOCUMENTATION_COMMENTS = YES;
				CLANG_WARN_EMPTY_BODY = YES;
				CLANG_WARN_ENUM_CONVERSION = YES;
				CLANG_WARN_INFINITE_RECURSION = YES;
				CLANG_WARN_INT_CONVERSION = YES;
				CLANG_WARN_NON_LITERAL_NULL_CONVERSION = YES;
				CLANG_WARN_OBJC_IMPLICIT_RETAIN_SELF = YES;
				CLANG_WARN_OBJC_LITERAL_CONVERSION = YES;
				CLANG_WARN_OBJC_ROOT_CLASS = YES_ERROR;
				CLANG_WARN_RANGE_LOOP_ANALYSIS = YES;
				CLANG_WARN_STRICT_PROTOTYPES = YES;
				CLANG_WARN_SUSPICIOUS_MOVE = YES;
				CLANG_WARN_UNGUARDED_AVAILABILITY = YES_AGGRESSIVE;
				CLANG_WARN_UNREACHABLE_CODE = YES;
				CLANG_WARN__DUPLICATE_METHOD_MATCH = YES;
				CODE_SIGN_IDENTITY = "iPhone Developer";
				COPY_PHASE_STRIP = NO;
				DEBUG_INFORMATION_FORMAT = dwarf;
				ENABLE_STRICT_OBJC_MSGSEND = YES;
				ENABLE_TESTABILITY = YES;
				GCC_C_LANGUAGE_STANDARD = gnu11;
				GCC_DYNAMIC_NO_PIC = NO;
				GCC_NO_COMMON_BLOCKS = YES;
				GCC_OPTIMIZATION_LEVEL = 0;
				GCC_PREPROCESSOR_DEFINITIONS = (
					"DEBUG=1",
					"$(inherited)",
				);
				GCC_WARN_64_TO_32_BIT_CONVERSION = YES;
				GCC_WARN_ABOUT_RETURN_TYPE = YES_ERROR;
				GCC_WARN_UNDECLARED_SELECTOR = YES;
				GCC_WARN_UNINITIALIZED_AUTOS = YES_AGGRESSIVE;
				GCC_WARN_UNUSED_FUNCTION = YES;
				GCC_WARN_UNUSED_VARIABLE = YES;
				IPHONEOS_DEPLOYMENT_TARGET = 11.4;
				MTL_ENABLE_DEBUG_INFO = YES;
				ONLY_ACTIVE_ARCH = YES;
				SDKROOT = iphoneos;
			};
			name = Debug;
		};
		2E699AF0212BDFBB009AECEA /* Release */ = {
			isa = XCBuildConfiguration;
			buildSettings = {
				ALWAYS_SEARCH_USER_PATHS = NO;
				CLANG_ANALYZER_NONNULL = YES;
				CLANG_ANALYZER_NUMBER_OBJECT_CONVERSION = YES_AGGRESSIVE;
				CLANG_CXX_LANGUAGE_STANDARD = "gnu++14";
				CLANG_CXX_LIBRARY = "libc++";
				CLANG_ENABLE_MODULES = YES;
				CLANG_ENABLE_OBJC_ARC = YES;
				CLANG_ENABLE_OBJC_WEAK = YES;
				CLANG_WARN_BLOCK_CAPTURE_AUTORELEASING = YES;
				CLANG_WARN_BOOL_CONVERSION = YES;
				CLANG_WARN_COMMA = YES;
				CLANG_WARN_CONSTANT_CONVERSION = YES;
				CLANG_WARN_DEPRECATED_OBJC_IMPLEMENTATIONS = YES;
				CLANG_WARN_DIRECT_OBJC_ISA_USAGE = YES_ERROR;
				CLANG_WARN_DOCUMENTATION_COMMENTS = YES;
				CLANG_WARN_EMPTY_BODY = YES;
				CLANG_WARN_ENUM_CONVERSION = YES;
				CLANG_WARN_INFINITE_RECURSION = YES;
				CLANG_WARN_INT_CONVERSION = YES;
				CLANG_WARN_NON_LITERAL_NULL_CONVERSION = YES;
				CLANG_WARN_OBJC_IMPLICIT_RETAIN_SELF = YES;
				CLANG_WARN_OBJC_LITERAL_CONVERSION = YES;
				CLANG_WARN_OBJC_ROOT_CLASS = YES_ERROR;
				CLANG_WARN_RANGE_LOOP_ANALYSIS = YES;
				CLANG_WARN_STRICT_PROTOTYPES = YES;
				CLANG_WARN_SUSPICIOUS_MOVE = YES;
				CLANG_WARN_UNGUARDED_AVAILABILITY = YES_AGGRESSIVE;
				CLANG_WARN_UNREACHABLE_CODE = YES;
				CLANG_WARN__DUPLICATE_METHOD_MATCH = YES;
				CODE_SIGN_IDENTITY = "iPhone Developer";
				COPY_PHASE_STRIP = NO;
				DEBUG_INFORMATION_FORMAT = "dwarf-with-dsym";
				ENABLE_NS_ASSERTIONS = NO;
				ENABLE_STRICT_OBJC_MSGSEND = YES;
				GCC_C_LANGUAGE_STANDARD = gnu11;
				GCC_NO_COMMON_BLOCKS = YES;
				GCC_WARN_64_TO_32_BIT_CONVERSION = YES;
				GCC_WARN_ABOUT_RETURN_TYPE = YES_ERROR;
				GCC_WARN_UNDECLARED_SELECTOR = YES;
				GCC_WARN_UNINITIALIZED_AUTOS = YES_AGGRESSIVE;
				GCC_WARN_UNUSED_FUNCTION = YES;
				GCC_WARN_UNUSED_VARIABLE = YES;
				IPHONEOS_DEPLOYMENT_TARGET = 11.4;
				MTL_ENABLE_DEBUG_INFO = NO;
				SDKROOT = iphoneos;
				VALIDATE_PRODUCT = YES;
			};
			name = Release;
		};
		2E699AF2212BDFBB009AECEA /* Debug */ = {
			isa = XCBuildConfiguration;
			baseConfigurationReference = A6DF8E64A87B29CB934A54E8 /* Pods-Underground.debug.xcconfig */;
			buildSettings = {
				ASSETCATALOG_COMPILER_APPICON_NAME = AppIcon;
				CODE_SIGN_IDENTITY = "iPhone Developer";
				CODE_SIGN_STYLE = Automatic;
				DEVELOPMENT_TEAM = 2V9KC3D3QY;
				INFOPLIST_FILE = Underground/Info.plist;
				IPHONEOS_DEPLOYMENT_TARGET = 11.0;
				LD_RUNPATH_SEARCH_PATHS = (
					"$(inherited)",
					"@executable_path/Frameworks",
				);
				PRODUCT_BUNDLE_IDENTIFIER = cn.edu.nju.Underground0914;
				PRODUCT_NAME = "$(TARGET_NAME)";
				PROVISIONING_PROFILE_SPECIFIER = "";
				TARGETED_DEVICE_FAMILY = 1;
			};
			name = Debug;
		};
		2E699AF3212BDFBB009AECEA /* Release */ = {
			isa = XCBuildConfiguration;
			baseConfigurationReference = 1139C65D8B5FBEC3B94E4411 /* Pods-Underground.release.xcconfig */;
			buildSettings = {
				ASSETCATALOG_COMPILER_APPICON_NAME = AppIcon;
				CODE_SIGN_IDENTITY = "iPhone Developer";
				CODE_SIGN_STYLE = Automatic;
				DEVELOPMENT_TEAM = 2V9KC3D3QY;
				INFOPLIST_FILE = Underground/Info.plist;
				IPHONEOS_DEPLOYMENT_TARGET = 11.0;
				LD_RUNPATH_SEARCH_PATHS = (
					"$(inherited)",
					"@executable_path/Frameworks",
				);
				PRODUCT_BUNDLE_IDENTIFIER = cn.edu.nju.Underground0914;
				PRODUCT_NAME = "$(TARGET_NAME)";
				PROVISIONING_PROFILE_SPECIFIER = "";
				TARGETED_DEVICE_FAMILY = 1;
			};
			name = Release;
		};
		2E699AF5212BDFBB009AECEA /* Debug */ = {
			isa = XCBuildConfiguration;
			buildSettings = {
				BUNDLE_LOADER = "$(TEST_HOST)";
				CODE_SIGN_STYLE = Automatic;
				INFOPLIST_FILE = UndergroundTests/Info.plist;
				LD_RUNPATH_SEARCH_PATHS = (
					"$(inherited)",
					"@executable_path/Frameworks",
					"@loader_path/Frameworks",
				);
				PRODUCT_BUNDLE_IDENTIFIER = cn.edu.nju.UndergroundTests;
				PRODUCT_NAME = "$(TARGET_NAME)";
				TARGETED_DEVICE_FAMILY = "1,2";
				TEST_HOST = "$(BUILT_PRODUCTS_DIR)/Underground.app/Underground";
			};
			name = Debug;
		};
		2E699AF6212BDFBB009AECEA /* Release */ = {
			isa = XCBuildConfiguration;
			buildSettings = {
				BUNDLE_LOADER = "$(TEST_HOST)";
				CODE_SIGN_STYLE = Automatic;
				INFOPLIST_FILE = UndergroundTests/Info.plist;
				LD_RUNPATH_SEARCH_PATHS = (
					"$(inherited)",
					"@executable_path/Frameworks",
					"@loader_path/Frameworks",
				);
				PRODUCT_BUNDLE_IDENTIFIER = cn.edu.nju.UndergroundTests;
				PRODUCT_NAME = "$(TARGET_NAME)";
				TARGETED_DEVICE_FAMILY = "1,2";
				TEST_HOST = "$(BUILT_PRODUCTS_DIR)/Underground.app/Underground";
			};
			name = Release;
		};
		2E699AF8212BDFBB009AECEA /* Debug */ = {
			isa = XCBuildConfiguration;
			buildSettings = {
				CODE_SIGN_STYLE = Automatic;
				INFOPLIST_FILE = UndergroundUITests/Info.plist;
				LD_RUNPATH_SEARCH_PATHS = (
					"$(inherited)",
					"@executable_path/Frameworks",
					"@loader_path/Frameworks",
				);
				PRODUCT_BUNDLE_IDENTIFIER = cn.edu.nju.UndergroundUITests;
				PRODUCT_NAME = "$(TARGET_NAME)";
				TARGETED_DEVICE_FAMILY = "1,2";
				TEST_TARGET_NAME = Underground;
			};
			name = Debug;
		};
		2E699AF9212BDFBB009AECEA /* Release */ = {
			isa = XCBuildConfiguration;
			buildSettings = {
				CODE_SIGN_STYLE = Automatic;
				INFOPLIST_FILE = UndergroundUITests/Info.plist;
				LD_RUNPATH_SEARCH_PATHS = (
					"$(inherited)",
					"@executable_path/Frameworks",
					"@loader_path/Frameworks",
				);
				PRODUCT_BUNDLE_IDENTIFIER = cn.edu.nju.UndergroundUITests;
				PRODUCT_NAME = "$(TARGET_NAME)";
				TARGETED_DEVICE_FAMILY = "1,2";
				TEST_TARGET_NAME = Underground;
			};
			name = Release;
		};
/* End XCBuildConfiguration section */

/* Begin XCConfigurationList section */
		2E699AC0212BDFB9009AECEA /* Build configuration list for PBXProject "Underground" */ = {
			isa = XCConfigurationList;
			buildConfigurations = (
				2E699AEF212BDFBB009AECEA /* Debug */,
				2E699AF0212BDFBB009AECEA /* Release */,
			);
			defaultConfigurationIsVisible = 0;
			defaultConfigurationName = Release;
		};
		2E699AF1212BDFBB009AECEA /* Build configuration list for PBXNativeTarget "Underground" */ = {
			isa = XCConfigurationList;
			buildConfigurations = (
				2E699AF2212BDFBB009AECEA /* Debug */,
				2E699AF3212BDFBB009AECEA /* Release */,
			);
			defaultConfigurationIsVisible = 0;
			defaultConfigurationName = Release;
		};
		2E699AF4212BDFBB009AECEA /* Build configuration list for PBXNativeTarget "UndergroundTests" */ = {
			isa = XCConfigurationList;
			buildConfigurations = (
				2E699AF5212BDFBB009AECEA /* Debug */,
				2E699AF6212BDFBB009AECEA /* Release */,
			);
			defaultConfigurationIsVisible = 0;
			defaultConfigurationName = Release;
		};
		2E699AF7212BDFBB009AECEA /* Build configuration list for PBXNativeTarget "UndergroundUITests" */ = {
			isa = XCConfigurationList;
			buildConfigurations = (
				2E699AF8212BDFBB009AECEA /* Debug */,
				2E699AF9212BDFBB009AECEA /* Release */,
			);
			defaultConfigurationIsVisible = 0;
			defaultConfigurationName = Release;
		};
/* End XCConfigurationList section */
	};
	rootObject = 2E699ABD212BDFB9009AECEA /* Project object */;
}
