// !$*UTF8*$!
{
	archiveVersion = 1;
	classes = {
	};
	objectVersion = 50;
	objects = {

/* Begin PBXBuildFile section */
		2E699ACA212BDFB9009AECEA /* AppDelegate.m in Sources */ = {isa = PBXBuildFile; fileRef = 2E699AC9212BDFB9009AECEA /* AppDelegate.m */; };
		2E699ACD212BDFB9009AECEA /* ViewController.m in Sources */ = {isa = PBXBuildFile; fileRef = 2E699ACC212BDFB9009AECEA /* ViewController.m */; };
		2E699AD0212BDFB9009AECEA /* Main.storyboard in Resources */ = {isa = PBXBuildFile; fileRef = 2E699ACE212BDFB9009AECEA /* Main.storyboard */; };
		2E699AD2212BDFBB009AECEA /* Assets.xcassets in Resources */ = {isa = PBXBuildFile; fileRef = 2E699AD1212BDFBB009AECEA /* Assets.xcassets */; };
		2E699AD5212BDFBB009AECEA /* LaunchScreen.storyboard in Resources */ = {isa = PBXBuildFile; fileRef = 2E699AD3212BDFBB009AECEA /* LaunchScreen.storyboard */; };
		2E699AD8212BDFBB009AECEA /* main.m in Sources */ = {isa = PBXBuildFile; fileRef = 2E699AD7212BDFBB009AECEA /* main.m */; };
		2E699AE2212BDFBB009AECEA /* UndergroundTests.m in Sources */ = {isa = PBXBuildFile; fileRef = 2E699AE1212BDFBB009AECEA /* UndergroundTests.m */; };
		2E699AED212BDFBB009AECEA /* UndergroundUITests.m in Sources */ = {isa = PBXBuildFile; fileRef = 2E699AEC212BDFBB009AECEA /* UndergroundUITests.m */; };
/* End PBXBuildFile section */

/* Begin PBXContainerItemProxy section */
		2E699ADE212BDFBB009AECEA /* PBXContainerItemProxy */ = {
			isa = PBXContainerItemProxy;
			containerPortal = 2E699ABD212BDFB9009AECEA /* Project object */;
			proxyType = 1;
			remoteGlobalIDString = 2E699AC4212BDFB9009AECEA;
			remoteInfo = Underground;
		};
		2E699AE9212BDFBB009AECEA /* PBXContainerItemProxy */ = {
			isa = PBXContainerItemProxy;
			containerPortal = 2E699ABD212BDFB9009AECEA /* Project object */;
			proxyType = 1;
			remoteGlobalIDString = 2E699AC4212BDFB9009AECEA;
			remoteInfo = Underground;
		};
/* End PBXContainerItemProxy section */

/* Begin PBXFileReference section */
		2E699AC5212BDFB9009AECEA /* Underground.app */ = {isa = PBXFileReference; explicitFileType = wrapper.application; includeInIndex = 0; path = Underground.app; sourceTree = BUILT_PRODUCTS_DIR; };
		2E699AC8212BDFB9009AECEA /* AppDelegate.h */ = {isa = PBXFileReference; lastKnownFileType = sourcecode.c.h; path = AppDelegate.h; sourceTree = "<group>"; };
		2E699AC9212BDFB9009AECEA /* AppDelegate.m */ = {isa = PBXFileReference; lastKnownFileType = sourcecode.c.objc; path = AppDelegate.m; sourceTree = "<group>"; };
		2E699ACB212BDFB9009AECEA /* ViewController.h */ = {isa = PBXFileReference; lastKnownFileType = sourcecode.c.h; path = ViewController.h; sourceTree = "<group>"; };
		2E699ACC212BDFB9009AECEA /* ViewController.m */ = {isa = PBXFileReference; lastKnownFileType = sourcecode.c.objc; path = ViewController.m; sourceTree = "<group>"; };
		2E699ACF212BDFB9009AECEA /* Base */ = {isa = PBXFileReference; lastKnownFileType = file.storyboard; name = Base; path = Base.lproj/Main.storyboard; sourceTree = "<group>"; };
		2E699AD1212BDFBB009AECEA /* Assets.xcassets */ = {isa = PBXFileReference; lastKnownFileType = folder.assetcatalog; path = Assets.xcassets; sourceTree = "<group>"; };
		2E699AD4212BDFBB009AECEA /* Base */ = {isa = PBXFileReference; lastKnownFileType = file.storyboard; name = Base; path = Base.lproj/LaunchScreen.storyboard; sourceTree = "<group>"; };
		2E699AD6212BDFBB009AECEA /* Info.plist */ = {isa = PBXFileReference; lastKnownFileType = text.plist.xml; path = Info.plist; sourceTree = "<group>"; };
		2E699AD7212BDFBB009AECEA /* main.m */ = {isa = PBXFileReference; lastKnownFileType = sourcecode.c.objc; path = main.m; sourceTree = "<group>"; };
		2E699ADD212BDFBB009AECEA /* UndergroundTests.xctest */ = {isa = PBXFileReference; explicitFileType = wrapper.cfbundle; includeInIndex = 0; path = UndergroundTests.xctest; sourceTree = BUILT_PRODUCTS_DIR; };
		2E699AE1212BDFBB009AECEA /* UndergroundTests.m */ = {isa = PBXFileReference; lastKnownFileType = sourcecode.c.objc; path = UndergroundTests.m; sourceTree = "<group>"; };
		2E699AE3212BDFBB009AECEA /* Info.plist */ = {isa = PBXFileReference; lastKnownFileType = text.plist.xml; path = Info.plist; sourceTree = "<group>"; };
		2E699AE8212BDFBB009AECEA /* UndergroundUITests.xctest */ = {isa = PBXFileReference; explicitFileType = wrapper.cfbundle; includeInIndex = 0; path = UndergroundUITests.xctest; sourceTree = BUILT_PRODUCTS_DIR; };
		2E699AEC212BDFBB009AECEA /* UndergroundUITests.m */ = {isa = PBXFileReference; lastKnownFileType = sourcecode.c.objc; path = UndergroundUITests.m; sourceTree = "<group>"; };
		2E699AEE212BDFBB009AECEA /* Info.plist */ = {isa = PBXFileReference; lastKnownFileType = text.plist.xml; path = Info.plist; sourceTree = "<group>"; };
/* End PBXFileReference section */

/* Begin PBXFrameworksBuildPhase section */
		2E699AC2212BDFB9009AECEA /* Frameworks */ = {
			isa = PBXFrameworksBuildPhase;
			buildActionMask = 2147483647;
			files = (
			);
			runOnlyForDeploymentPostprocessing = 0;
		};
		2E699ADA212BDFBB009AECEA /* Frameworks */ = {
			isa = PBXFrameworksBuildPhase;
			buildActionMask = 2147483647;
			files = (
			);
			runOnlyForDeploymentPostprocessing = 0;
		};
		2E699AE5212BDFBB009AECEA /* Frameworks */ = {
			isa = PBXFrameworksBuildPhase;
			buildActionMask = 2147483647;
			files = (
			);
			runOnlyForDeploymentPostprocessing = 0;
		};
/* End PBXFrameworksBuildPhase section */

/* Begin PBXGroup section */
		2E699ABC212BDFB9009AECEA = {
			isa = PBXGroup;
			children = (
				2E699AC7212BDFB9009AECEA /* Underground */,
				2E699AE0212BDFBB009AECEA /* UndergroundTests */,
				2E699AEB212BDFBB009AECEA /* UndergroundUITests */,
				2E699AC6212BDFB9009AECEA /* Products */,
			);
			sourceTree = "<group>";
		};
		2E699AC6212BDFB9009AECEA /* Products */ = {
			isa = PBXGroup;
			children = (
				2E699AC5212BDFB9009AECEA /* Underground.app */,
				2E699ADD212BDFBB009AECEA /* UndergroundTests.xctest */,
				2E699AE8212BDFBB009AECEA /* UndergroundUITests.xctest */,
			);
			name = Products;
			sourceTree = "<group>";
		};
		2E699AC7212BDFB9009AECEA /* Underground */ = {
			isa = PBXGroup;
			children = (
				2E699AC8212BDFB9009AECEA /* AppDelegate.h */,
				2E699AC9212BDFB9009AECEA /* AppDelegate.m */,
				2E699ACB212BDFB9009AECEA /* ViewController.h */,
				2E699ACC212BDFB9009AECEA /* ViewController.m */,
				2E699ACE212BDFB9009AECEA /* Main.storyboard */,
				2E699AD1212BDFBB009AECEA /* Assets.xcassets */,
				2E699AD3212BDFBB009AECEA /* LaunchScreen.storyboard */,
				2E699AD6212BDFBB009AECEA /* Info.plist */,
				2E699AD7212BDFBB009AECEA /* main.m */,
			);
			path = Underground;
			sourceTree = "<group>";
		};
		2E699AE0212BDFBB009AECEA /* UndergroundTests */ = {
			isa = PBXGroup;
			children = (
				2E699AE1212BDFBB009AECEA /* UndergroundTests.m */,
				2E699AE3212BDFBB009AECEA /* Info.plist */,
			);
			path = UndergroundTests;
			sourceTree = "<group>";
		};
		2E699AEB212BDFBB009AECEA /* UndergroundUITests */ = {
			isa = PBXGroup;
			children = (
				2E699AEC212BDFBB009AECEA /* UndergroundUITests.m */,
				2E699AEE212BDFBB009AECEA /* Info.plist */,
			);
			path = UndergroundUITests;
			sourceTree = "<group>";
		};
/* End PBXGroup section */

/* Begin PBXNativeTarget section */
		2E699AC4212BDFB9009AECEA /* Underground */ = {
			isa = PBXNativeTarget;
			buildConfigurationList = 2E699AF1212BDFBB009AECEA /* Build configuration list for PBXNativeTarget "Underground" */;
			buildPhases = (
				2E699AC1212BDFB9009AECEA /* Sources */,
				2E699AC2212BDFB9009AECEA /* Frameworks */,
				2E699AC3212BDFB9009AECEA /* Resources */,
			);
			buildRules = (
			);
			dependencies = (
			);
			name = Underground;
			productName = Underground;
			productReference = 2E699AC5212BDFB9009AECEA /* Underground.app */;
			productType = "com.apple.product-type.application";
		};
		2E699ADC212BDFBB009AECEA /* UndergroundTests */ = {
			isa = PBXNativeTarget;
			buildConfigurationList = 2E699AF4212BDFBB009AECEA /* Build configuration list for PBXNativeTarget "UndergroundTests" */;
			buildPhases = (
				2E699AD9212BDFBB009AECEA /* Sources */,
				2E699ADA212BDFBB009AECEA /* Frameworks */,
				2E699ADB212BDFBB009AECEA /* Resources */,
			);
			buildRules = (
			);
			dependencies = (
				2E699ADF212BDFBB009AECEA /* PBXTargetDependency */,
			);
			name = UndergroundTests;
			productName = UndergroundTests;
			productReference = 2E699ADD212BDFBB009AECEA /* UndergroundTests.xctest */;
			productType = "com.apple.product-type.bundle.unit-test";
		};
		2E699AE7212BDFBB009AECEA /* UndergroundUITests */ = {
			isa = PBXNativeTarget;
			buildConfigurationList = 2E699AF7212BDFBB009AECEA /* Build configuration list for PBXNativeTarget "UndergroundUITests" */;
			buildPhases = (
				2E699AE4212BDFBB009AECEA /* Sources */,
				2E699AE5212BDFBB009AECEA /* Frameworks */,
				2E699AE6212BDFBB009AECEA /* Resources */,
			);
			buildRules = (
			);
			dependencies = (
				2E699AEA212BDFBB009AECEA /* PBXTargetDependency */,
			);
			name = UndergroundUITests;
			productName = UndergroundUITests;
			productReference = 2E699AE8212BDFBB009AECEA /* UndergroundUITests.xctest */;
			productType = "com.apple.product-type.bundle.ui-testing";
		};
/* End PBXNativeTarget section */

/* Begin PBXProject section */
		2E699ABD212BDFB9009AECEA /* Project object */ = {
			isa = PBXProject;
			attributes = {
				LastUpgradeCheck = 0940;
				ORGANIZATIONNAME = "潘潇睿";
				TargetAttributes = {
					2E699AC4212BDFB9009AECEA = {
						CreatedOnToolsVersion = 9.4.1;
					};
					2E699ADC212BDFBB009AECEA = {
						CreatedOnToolsVersion = 9.4.1;
						TestTargetID = 2E699AC4212BDFB9009AECEA;
					};
					2E699AE7212BDFBB009AECEA = {
						CreatedOnToolsVersion = 9.4.1;
						TestTargetID = 2E699AC4212BDFB9009AECEA;
					};
				};
			};
			buildConfigurationList = 2E699AC0212BDFB9009AECEA /* Build configuration list for PBXProject "Underground" */;
			compatibilityVersion = "Xcode 9.3";
			developmentRegion = en;
			hasScannedForEncodings = 0;
			knownRegions = (
				en,
				Base,
			);
			mainGroup = 2E699ABC212BDFB9009AECEA;
			productRefGroup = 2E699AC6212BDFB9009AECEA /* Products */;
			projectDirPath = "";
			projectRoot = "";
			targets = (
				2E699AC4212BDFB9009AECEA /* Underground */,
				2E699ADC212BDFBB009AECEA /* UndergroundTests */,
				2E699AE7212BDFBB009AECEA /* UndergroundUITests */,
			);
		};
/* End PBXProject section */

/* Begin PBXResourcesBuildPhase section */
		2E699AC3212BDFB9009AECEA /* Resources */ = {
			isa = PBXResourcesBuildPhase;
			buildActionMask = 2147483647;
			files = (
				2E699AD5212BDFBB009AECEA /* LaunchScreen.storyboard in Resources */,
				2E699AD2212BDFBB009AECEA /* Assets.xcassets in Resources */,
				2E699AD0212BDFB9009AECEA /* Main.storyboard in Resources */,
			);
			runOnlyForDeploymentPostprocessing = 0;
		};
		2E699ADB212BDFBB009AECEA /* Resources */ = {
			isa = PBXResourcesBuildPhase;
			buildActionMask = 2147483647;
			files = (
			);
			runOnlyForDeploymentPostprocessing = 0;
		};
		2E699AE6212BDFBB009AECEA /* Resources */ = {
			isa = PBXResourcesBuildPhase;
			buildActionMask = 2147483647;
			files = (
			);
			runOnlyForDeploymentPostprocessing = 0;
		};
/* End PBXResourcesBuildPhase section */

/* Begin PBXSourcesBuildPhase section */
		2E699AC1212BDFB9009AECEA /* Sources */ = {
			isa = PBXSourcesBuildPhase;
			buildActionMask = 2147483647;
			files = (
				2E699ACD212BDFB9009AECEA /* ViewController.m in Sources */,
				2E699AD8212BDFBB009AECEA /* main.m in Sources */,
				2E699ACA212BDFB9009AECEA /* AppDelegate.m in Sources */,
			);
			runOnlyForDeploymentPostprocessing = 0;
		};
		2E699AD9212BDFBB009AECEA /* Sources */ = {
			isa = PBXSourcesBuildPhase;
			buildActionMask = 2147483647;
			files = (
				2E699AE2212BDFBB009AECEA /* UndergroundTests.m in Sources */,
			);
			runOnlyForDeploymentPostprocessing = 0;
		};
		2E699AE4212BDFBB009AECEA /* Sources */ = {
			isa = PBXSourcesBuildPhase;
			buildActionMask = 2147483647;
			files = (
				2E699AED212BDFBB009AECEA /* UndergroundUITests.m in Sources */,
			);
			runOnlyForDeploymentPostprocessing = 0;
		};
/* End PBXSourcesBuildPhase section */

/* Begin PBXTargetDependency section */
		2E699ADF212BDFBB009AECEA /* PBXTargetDependency */ = {
			isa = PBXTargetDependency;
			target = 2E699AC4212BDFB9009AECEA /* Underground */;
			targetProxy = 2E699ADE212BDFBB009AECEA /* PBXContainerItemProxy */;
		};
		2E699AEA212BDFBB009AECEA /* PBXTargetDependency */ = {
			isa = PBXTargetDependency;
			target = 2E699AC4212BDFB9009AECEA /* Underground */;
			targetProxy = 2E699AE9212BDFBB009AECEA /* PBXContainerItemProxy */;
		};
/* End PBXTargetDependency section */

/* Begin PBXVariantGroup section */
		2E699ACE212BDFB9009AECEA /* Main.storyboard */ = {
			isa = PBXVariantGroup;
			children = (
				2E699ACF212BDFB9009AECEA /* Base */,
			);
			name = Main.storyboard;
			sourceTree = "<group>";
		};
		2E699AD3212BDFBB009AECEA /* LaunchScreen.storyboard */ = {
			isa = PBXVariantGroup;
			children = (
				2E699AD4212BDFBB009AECEA /* Base */,
			);
			name = LaunchScreen.storyboard;
			sourceTree = "<group>";
		};
/* End PBXVariantGroup section */

/* Begin XCBuildConfiguration section */
		2E699AEF212BDFBB009AECEA /* Debug */ = {
			isa = XCBuildConfiguration;
			buildSettings = {
				ALWAYS_SEARCH_USER_PATHS = NO;
				CLANG_ANALYZER_NONNULL = YES;
				CLANG_ANALYZER_NUMBER_OBJECT_CONVERSION = YES_AGGRESSIVE;
				CLANG_CXX_LANGUAGE_STANDARD = "gnu++14";
				CLANG_CXX_LIBRARY = "libc++";
				CLANG_ENABLE_MODULES = YES;
				CLANG_ENABLE_OBJC_ARC = YES;
				CLANG_ENABLE_OBJC_WEAK = YES;
				CLANG_WARN_BLOCK_CAPTURE_AUTORELEASING = YES;
				CLANG_WARN_BOOL_CONVERSION = YES;
				CLANG_WARN_COMMA = YES;
				CLANG_WARN_CONSTANT_CONVERSION = YES;
				CLANG_WARN_DEPRECATED_OBJC_IMPLEMENTATIONS = YES;
				CLANG_WARN_DIRECT_OBJC_ISA_USAGE = YES_ERROR;
				CLANG_WARN_DOCUMENTATION_COMMENTS = YES;
				CLANG_WARN_EMPTY_BODY = YES;
				CLANG_WARN_ENUM_CONVERSION = YES;
				CLANG_WARN_INFINITE_RECURSION = YES;
				CLANG_WARN_INT_CONVERSION = YES;
				CLANG_WARN_NON_LITERAL_NULL_CONVERSION = YES;
				CLANG_WARN_OBJC_IMPLICIT_RETAIN_SELF = YES;
				CLANG_WARN_OBJC_LITERAL_CONVERSION = YES;
				CLANG_WARN_OBJC_ROOT_CLASS = YES_ERROR;
				CLANG_WARN_RANGE_LOOP_ANALYSIS = YES;
				CLANG_WARN_STRICT_PROTOTYPES = YES;
				CLANG_WARN_SUSPICIOUS_MOVE = YES;
				CLANG_WARN_UNGUARDED_AVAILABILITY = YES_AGGRESSIVE;
				CLANG_WARN_UNREACHABLE_CODE = YES;
				CLANG_WARN__DUPLICATE_METHOD_MATCH = YES;
				CODE_SIGN_IDENTITY = "iPhone Developer";
				COPY_PHASE_STRIP = NO;
				DEBUG_INFORMATION_FORMAT = dwarf;
				ENABLE_STRICT_OBJC_MSGSEND = YES;
				ENABLE_TESTABILITY = YES;
				GCC_C_LANGUAGE_STANDARD = gnu11;
				GCC_DYNAMIC_NO_PIC = NO;
				GCC_NO_COMMON_BLOCKS = YES;
				GCC_OPTIMIZATION_LEVEL = 0;
				GCC_PREPROCESSOR_DEFINITIONS = (
					"DEBUG=1",
					"$(inherited)",
				);
				GCC_WARN_64_TO_32_BIT_CONVERSION = YES;
				GCC_WARN_ABOUT_RETURN_TYPE = YES_ERROR;
				GCC_WARN_UNDECLARED_SELECTOR = YES;
				GCC_WARN_UNINITIALIZED_AUTOS = YES_AGGRESSIVE;
				GCC_WARN_UNUSED_FUNCTION = YES;
				GCC_WARN_UNUSED_VARIABLE = YES;
				IPHONEOS_DEPLOYMENT_TARGET = 11.4;
				MTL_ENABLE_DEBUG_INFO = YES;
				ONLY_ACTIVE_ARCH = YES;
				SDKROOT = iphoneos;
			};
			name = Debug;
		};
		2E699AF0212BDFBB009AECEA /* Release */ = {
			isa = XCBuildConfiguration;
			buildSettings = {
				ALWAYS_SEARCH_USER_PATHS = NO;
				CLANG_ANALYZER_NONNULL = YES;
				CLANG_ANALYZER_NUMBER_OBJECT_CONVERSION = YES_AGGRESSIVE;
				CLANG_CXX_LANGUAGE_STANDARD = "gnu++14";
				CLANG_CXX_LIBRARY = "libc++";
				CLANG_ENABLE_MODULES = YES;
				CLANG_ENABLE_OBJC_ARC = YES;
				CLANG_ENABLE_OBJC_WEAK = YES;
				CLANG_WARN_BLOCK_CAPTURE_AUTORELEASING = YES;
				CLANG_WARN_BOOL_CONVERSION = YES;
				CLANG_WARN_COMMA = YES;
				CLANG_WARN_CONSTANT_CONVERSION = YES;
				CLANG_WARN_DEPRECATED_OBJC_IMPLEMENTATIONS = YES;
				CLANG_WARN_DIRECT_OBJC_ISA_USAGE = YES_ERROR;
				CLANG_WARN_DOCUMENTATION_COMMENTS = YES;
				CLANG_WARN_EMPTY_BODY = YES;
				CLANG_WARN_ENUM_CONVERSION = YES;
				CLANG_WARN_INFINITE_RECURSION = YES;
				CLANG_WARN_INT_CONVERSION = YES;
				CLANG_WARN_NON_LITERAL_NULL_CONVERSION = YES;
				CLANG_WARN_OBJC_IMPLICIT_RETAIN_SELF = YES;
				CLANG_WARN_OBJC_LITERAL_CONVERSION = YES;
				CLANG_WARN_OBJC_ROOT_CLASS = YES_ERROR;
				CLANG_WARN_RANGE_LOOP_ANALYSIS = YES;
				CLANG_WARN_STRICT_PROTOTYPES = YES;
				CLANG_WARN_SUSPICIOUS_MOVE = YES;
				CLANG_WARN_UNGUARDED_AVAILABILITY = YES_AGGRESSIVE;
				CLANG_WARN_UNREACHABLE_CODE = YES;
				CLANG_WARN__DUPLICATE_METHOD_MATCH = YES;
				CODE_SIGN_IDENTITY = "iPhone Developer";
				COPY_PHASE_STRIP = NO;
				DEBUG_INFORMATION_FORMAT = "dwarf-with-dsym";
				ENABLE_NS_ASSERTIONS = NO;
				ENABLE_STRICT_OBJC_MSGSEND = YES;
				GCC_C_LANGUAGE_STANDARD = gnu11;
				GCC_NO_COMMON_BLOCKS = YES;
				GCC_WARN_64_TO_32_BIT_CONVERSION = YES;
				GCC_WARN_ABOUT_RETURN_TYPE = YES_ERROR;
				GCC_WARN_UNDECLARED_SELECTOR = YES;
				GCC_WARN_UNINITIALIZED_AUTOS = YES_AGGRESSIVE;
				GCC_WARN_UNUSED_FUNCTION = YES;
				GCC_WARN_UNUSED_VARIABLE = YES;
				IPHONEOS_DEPLOYMENT_TARGET = 11.4;
				MTL_ENABLE_DEBUG_INFO = NO;
				SDKROOT = iphoneos;
				VALIDATE_PRODUCT = YES;
			};
			name = Release;
		};
		2E699AF2212BDFBB009AECEA /* Debug */ = {
			isa = XCBuildConfiguration;
			buildSettings = {
				ASSETCATALOG_COMPILER_APPICON_NAME = AppIcon;
				CODE_SIGN_STYLE = Automatic;
				INFOPLIST_FILE = Underground/Info.plist;
				LD_RUNPATH_SEARCH_PATHS = (
					"$(inherited)",
					"@executable_path/Frameworks",
				);
				PRODUCT_BUNDLE_IDENTIFIER = cn.edu.nju.Underground;
				PRODUCT_NAME = "$(TARGET_NAME)";
				TARGETED_DEVICE_FAMILY = "1,2";
			};
			name = Debug;
		};
		2E699AF3212BDFBB009AECEA /* Release */ = {
			isa = XCBuildConfiguration;
			buildSettings = {
				ASSETCATALOG_COMPILER_APPICON_NAME = AppIcon;
				CODE_SIGN_STYLE = Automatic;
				INFOPLIST_FILE = Underground/Info.plist;
				LD_RUNPATH_SEARCH_PATHS = (
					"$(inherited)",
					"@executable_path/Frameworks",
				);
				PRODUCT_BUNDLE_IDENTIFIER = cn.edu.nju.Underground;
				PRODUCT_NAME = "$(TARGET_NAME)";
				TARGETED_DEVICE_FAMILY = "1,2";
			};
			name = Release;
		};
		2E699AF5212BDFBB009AECEA /* Debug */ = {
			isa = XCBuildConfiguration;
			buildSettings = {
				BUNDLE_LOADER = "$(TEST_HOST)";
				CODE_SIGN_STYLE = Automatic;
				INFOPLIST_FILE = UndergroundTests/Info.plist;
				LD_RUNPATH_SEARCH_PATHS = (
					"$(inherited)",
					"@executable_path/Frameworks",
					"@loader_path/Frameworks",
				);
				PRODUCT_BUNDLE_IDENTIFIER = cn.edu.nju.UndergroundTests;
				PRODUCT_NAME = "$(TARGET_NAME)";
				TARGETED_DEVICE_FAMILY = "1,2";
				TEST_HOST = "$(BUILT_PRODUCTS_DIR)/Underground.app/Underground";
			};
			name = Debug;
		};
		2E699AF6212BDFBB009AECEA /* Release */ = {
			isa = XCBuildConfiguration;
			buildSettings = {
				BUNDLE_LOADER = "$(TEST_HOST)";
				CODE_SIGN_STYLE = Automatic;
				INFOPLIST_FILE = UndergroundTests/Info.plist;
				LD_RUNPATH_SEARCH_PATHS = (
					"$(inherited)",
					"@executable_path/Frameworks",
					"@loader_path/Frameworks",
				);
				PRODUCT_BUNDLE_IDENTIFIER = cn.edu.nju.UndergroundTests;
				PRODUCT_NAME = "$(TARGET_NAME)";
				TARGETED_DEVICE_FAMILY = "1,2";
				TEST_HOST = "$(BUILT_PRODUCTS_DIR)/Underground.app/Underground";
			};
			name = Release;
		};
		2E699AF8212BDFBB009AECEA /* Debug */ = {
			isa = XCBuildConfiguration;
			buildSettings = {
				CODE_SIGN_STYLE = Automatic;
				INFOPLIST_FILE = UndergroundUITests/Info.plist;
				LD_RUNPATH_SEARCH_PATHS = (
					"$(inherited)",
					"@executable_path/Frameworks",
					"@loader_path/Frameworks",
				);
				PRODUCT_BUNDLE_IDENTIFIER = cn.edu.nju.UndergroundUITests;
				PRODUCT_NAME = "$(TARGET_NAME)";
				TARGETED_DEVICE_FAMILY = "1,2";
				TEST_TARGET_NAME = Underground;
			};
			name = Debug;
		};
		2E699AF9212BDFBB009AECEA /* Release */ = {
			isa = XCBuildConfiguration;
			buildSettings = {
				CODE_SIGN_STYLE = Automatic;
				INFOPLIST_FILE = UndergroundUITests/Info.plist;
				LD_RUNPATH_SEARCH_PATHS = (
					"$(inherited)",
					"@executable_path/Frameworks",
					"@loader_path/Frameworks",
				);
				PRODUCT_BUNDLE_IDENTIFIER = cn.edu.nju.UndergroundUITests;
				PRODUCT_NAME = "$(TARGET_NAME)";
				TARGETED_DEVICE_FAMILY = "1,2";
				TEST_TARGET_NAME = Underground;
			};
			name = Release;
		};
/* End XCBuildConfiguration section */

/* Begin XCConfigurationList section */
		2E699AC0212BDFB9009AECEA /* Build configuration list for PBXProject "Underground" */ = {
			isa = XCConfigurationList;
			buildConfigurations = (
				2E699AEF212BDFBB009AECEA /* Debug */,
				2E699AF0212BDFBB009AECEA /* Release */,
			);
			defaultConfigurationIsVisible = 0;
			defaultConfigurationName = Release;
		};
		2E699AF1212BDFBB009AECEA /* Build configuration list for PBXNativeTarget "Underground" */ = {
			isa = XCConfigurationList;
			buildConfigurations = (
				2E699AF2212BDFBB009AECEA /* Debug */,
				2E699AF3212BDFBB009AECEA /* Release */,
			);
			defaultConfigurationIsVisible = 0;
			defaultConfigurationName = Release;
		};
		2E699AF4212BDFBB009AECEA /* Build configuration list for PBXNativeTarget "UndergroundTests" */ = {
			isa = XCConfigurationList;
			buildConfigurations = (
				2E699AF5212BDFBB009AECEA /* Debug */,
				2E699AF6212BDFBB009AECEA /* Release */,
			);
			defaultConfigurationIsVisible = 0;
			defaultConfigurationName = Release;
		};
		2E699AF7212BDFBB009AECEA /* Build configuration list for PBXNativeTarget "UndergroundUITests" */ = {
			isa = XCConfigurationList;
			buildConfigurations = (
				2E699AF8212BDFBB009AECEA /* Debug */,
				2E699AF9212BDFBB009AECEA /* Release */,
			);
			defaultConfigurationIsVisible = 0;
			defaultConfigurationName = Release;
		};
/* End XCConfigurationList section */
	};
	rootObject = 2E699ABD212BDFB9009AECEA /* Project object */;
}
